PODS:
  - RIBs (0.9.1):
    - RxSwift (~> 4.0)
  - RxCocoa (4.5.0):
    - RxSwift (>= 4.4.2, ~> 4.4)
  - RxSwift (4.5.0)

DEPENDENCIES:
  - RIBs (~> 0.9)
  - RxCocoa

SPEC REPOS:
  https://github.com/cocoapods/specs.git:
    - RIBs
    - RxCocoa
    - RxSwift

SPEC CHECKSUMS:
  RIBs: 879184fbca567425c488d6b3d14a9c5abfbf9d47
  RxCocoa: cbf70265dc65a981d4ac982e513c10cf23df24a0
  RxSwift: f172070dfd1a93d70a9ab97a5a01166206e1c575

PODFILE CHECKSUM: d1759554a6b6039bb1579f7c27e54b15a05ae6d5

COCOAPODS: 1.7.2
